// !$*UTF8*$!
{
	archiveVersion = 1;
	classes = {
	};
	objectVersion = 56;
	objects = {

/* Begin PBXBuildFile section */
		95080FC629F7464D00212D7A /* ContentView.swift in Sources */ = {isa = PBXBuildFile; fileRef = 95080FC529F7464D00212D7A /* ContentView.swift */; };
		95080FC829F7468E00212D7A /* ControlView.swift in Sources */ = {isa = PBXBuildFile; fileRef = 95080FC729F7468E00212D7A /* ControlView.swift */; };
		95080FCA29F746D000212D7A /* Errorview.swift in Sources */ = {isa = PBXBuildFile; fileRef = 95080FC929F746D000212D7A /* Errorview.swift */; };
		95080FCC29F746E400212D7A /* Frameview.swift in Sources */ = {isa = PBXBuildFile; fileRef = 95080FCB29F746E400212D7A /* Frameview.swift */; };
		95080FCE29F746FC00212D7A /* ToggleButton.swift in Sources */ = {isa = PBXBuildFile; fileRef = 95080FCD29F746FC00212D7A /* ToggleButton.swift */; };
		95080FD129F7672F00212D7A /* ContentViewModel.swift in Sources */ = {isa = PBXBuildFile; fileRef = 95080FD029F7672F00212D7A /* ContentViewModel.swift */; };
		95080FD429F767BB00212D7A /* CGImageExtension.swift in Sources */ = {isa = PBXBuildFile; fileRef = 95080FD329F767BB00212D7A /* CGImageExtension.swift */; };
		95080FD729F7682400212D7A /* CameraError.swift in Sources */ = {isa = PBXBuildFile; fileRef = 95080FD629F7682400212D7A /* CameraError.swift */; };
		95080FD929F7683800212D7A /* CameraManager.swift in Sources */ = {isa = PBXBuildFile; fileRef = 95080FD829F7683800212D7A /* CameraManager.swift */; };
		95080FDB29F7684800212D7A /* FrameManager.swift in Sources */ = {isa = PBXBuildFile; fileRef = 95080FDA29F7684800212D7A /* FrameManager.swift */; };
		9569C26929DBCFB9006B3928 /* Post1.swift in Sources */ = {isa = PBXBuildFile; fileRef = 9569C26829DBCFB9006B3928 /* Post1.swift */; };
		9569C26B29DBD133006B3928 /* Settings1.swift in Sources */ = {isa = PBXBuildFile; fileRef = 9569C26A29DBD133006B3928 /* Settings1.swift */; };
		9569C26D29DBD687006B3928 /* Login.swift in Sources */ = {isa = PBXBuildFile; fileRef = 9569C26C29DBD687006B3928 /* Login.swift */; };
		9569C26F29DBD884006B3928 /* Bookclub.swift in Sources */ = {isa = PBXBuildFile; fileRef = 9569C26E29DBD884006B3928 /* Bookclub.swift */; };
		9569C27129DBDC83006B3928 /* Home2.swift in Sources */ = {isa = PBXBuildFile; fileRef = 9569C27029DBDC83006B3928 /* Home2.swift */; };
		9569C27329DBE2A5006B3928 /* Library1.swift in Sources */ = {isa = PBXBuildFile; fileRef = 9569C27229DBE2A5006B3928 /* Library1.swift */; };
		95A90A6D29DCB4A500A85FEC /* ImagePicker.swift in Sources */ = {isa = PBXBuildFile; fileRef = 95A90A6C29DCB4A500A85FEC /* ImagePicker.swift */; };
		95A90A6F29DCB4B300A85FEC /* ImageSaver.swift in Sources */ = {isa = PBXBuildFile; fileRef = 95A90A6E29DCB4B300A85FEC /* ImageSaver.swift */; };
		95B91ABB29D10F420049B588 /* BookBumApp.swift in Sources */ = {isa = PBXBuildFile; fileRef = 95B91ABA29D10F420049B588 /* BookBumApp.swift */; };
		95B91ABF29D10F430049B588 /* Assets.xcassets in Resources */ = {isa = PBXBuildFile; fileRef = 95B91ABE29D10F430049B588 /* Assets.xcassets */; };
		95B91AC229D10F430049B588 /* Preview Assets.xcassets in Resources */ = {isa = PBXBuildFile; fileRef = 95B91AC129D10F430049B588 /* Preview Assets.xcassets */; };
		95B91AE329D13EC70049B588 /* Page 1.swift in Sources */ = {isa = PBXBuildFile; fileRef = 95B91AE229D13EC70049B588 /* Page 1.swift */; };
		95B91AE929D14A9A0049B588 /* Page 2.swift in Sources */ = {isa = PBXBuildFile; fileRef = 95B91AE829D14A9A0049B588 /* Page 2.swift */; };
		95B91AEB29D1516B0049B588 /* Page 3.swift in Sources */ = {isa = PBXBuildFile; fileRef = 95B91AEA29D1516B0049B588 /* Page 3.swift */; };
		95B91AED29D151B90049B588 /* Page 4.swift in Sources */ = {isa = PBXBuildFile; fileRef = 95B91AEC29D151B90049B588 /* Page 4.swift */; };
/* End PBXBuildFile section */

/* Begin PBXFileReference section */
		95080FC529F7464D00212D7A /* ContentView.swift */ = {isa = PBXFileReference; lastKnownFileType = sourcecode.swift; path = ContentView.swift; sourceTree = "<group>"; };
		95080FC729F7468E00212D7A /* ControlView.swift */ = {isa = PBXFileReference; lastKnownFileType = sourcecode.swift; path = ControlView.swift; sourceTree = "<group>"; };
		95080FC929F746D000212D7A /* Errorview.swift */ = {isa = PBXFileReference; lastKnownFileType = sourcecode.swift; path = Errorview.swift; sourceTree = "<group>"; };
		95080FCB29F746E400212D7A /* Frameview.swift */ = {isa = PBXFileReference; lastKnownFileType = sourcecode.swift; path = Frameview.swift; sourceTree = "<group>"; };
		95080FCD29F746FC00212D7A /* ToggleButton.swift */ = {isa = PBXFileReference; lastKnownFileType = sourcecode.swift; path = ToggleButton.swift; sourceTree = "<group>"; };
		95080FD029F7672F00212D7A /* ContentViewModel.swift */ = {isa = PBXFileReference; lastKnownFileType = sourcecode.swift; path = ContentViewModel.swift; sourceTree = "<group>"; };
		95080FD329F767BB00212D7A /* CGImageExtension.swift */ = {isa = PBXFileReference; lastKnownFileType = sourcecode.swift; path = CGImageExtension.swift; sourceTree = "<group>"; };
		95080FD629F7682400212D7A /* CameraError.swift */ = {isa = PBXFileReference; lastKnownFileType = sourcecode.swift; path = CameraError.swift; sourceTree = "<group>"; };
		95080FD829F7683800212D7A /* CameraManager.swift */ = {isa = PBXFileReference; lastKnownFileType = sourcecode.swift; path = CameraManager.swift; sourceTree = "<group>"; };
		95080FDA29F7684800212D7A /* FrameManager.swift */ = {isa = PBXFileReference; lastKnownFileType = sourcecode.swift; path = FrameManager.swift; sourceTree = "<group>"; };
		9569C26829DBCFB9006B3928 /* Post1.swift */ = {isa = PBXFileReference; lastKnownFileType = sourcecode.swift; path = Post1.swift; sourceTree = "<group>"; };
		9569C26A29DBD133006B3928 /* Settings1.swift */ = {isa = PBXFileReference; lastKnownFileType = sourcecode.swift; path = Settings1.swift; sourceTree = "<group>"; };
		9569C26C29DBD687006B3928 /* Login.swift */ = {isa = PBXFileReference; lastKnownFileType = sourcecode.swift; path = Login.swift; sourceTree = "<group>"; };
		9569C26E29DBD884006B3928 /* Bookclub.swift */ = {isa = PBXFileReference; lastKnownFileType = sourcecode.swift; path = Bookclub.swift; sourceTree = "<group>"; };
		9569C27029DBDC83006B3928 /* Home2.swift */ = {isa = PBXFileReference; lastKnownFileType = sourcecode.swift; path = Home2.swift; sourceTree = "<group>"; };
		9569C27229DBE2A5006B3928 /* Library1.swift */ = {isa = PBXFileReference; lastKnownFileType = sourcecode.swift; path = Library1.swift; sourceTree = "<group>"; };
		95A90A6C29DCB4A500A85FEC /* ImagePicker.swift */ = {isa = PBXFileReference; lastKnownFileType = sourcecode.swift; path = ImagePicker.swift; sourceTree = "<group>"; };
		95A90A6E29DCB4B300A85FEC /* ImageSaver.swift */ = {isa = PBXFileReference; lastKnownFileType = sourcecode.swift; path = ImageSaver.swift; sourceTree = "<group>"; };
		95B91AB729D10F420049B588 /* BookBum.app */ = {isa = PBXFileReference; explicitFileType = wrapper.application; includeInIndex = 0; path = BookBum.app; sourceTree = BUILT_PRODUCTS_DIR; };
		95B91ABA29D10F420049B588 /* BookBumApp.swift */ = {isa = PBXFileReference; lastKnownFileType = sourcecode.swift; path = BookBumApp.swift; sourceTree = "<group>"; };
		95B91ABE29D10F430049B588 /* Assets.xcassets */ = {isa = PBXFileReference; lastKnownFileType = folder.assetcatalog; path = Assets.xcassets; sourceTree = "<group>"; };
		95B91AC129D10F430049B588 /* Preview Assets.xcassets */ = {isa = PBXFileReference; lastKnownFileType = folder.assetcatalog; path = "Preview Assets.xcassets"; sourceTree = "<group>"; };
		95B91AE229D13EC70049B588 /* Page 1.swift */ = {isa = PBXFileReference; lastKnownFileType = sourcecode.swift; path = "Page 1.swift"; sourceTree = "<group>"; };
		95B91AE829D14A9A0049B588 /* Page 2.swift */ = {isa = PBXFileReference; lastKnownFileType = sourcecode.swift; path = "Page 2.swift"; sourceTree = "<group>"; };
		95B91AEA29D1516B0049B588 /* Page 3.swift */ = {isa = PBXFileReference; lastKnownFileType = sourcecode.swift; path = "Page 3.swift"; sourceTree = "<group>"; };
		95B91AEC29D151B90049B588 /* Page 4.swift */ = {isa = PBXFileReference; lastKnownFileType = sourcecode.swift; path = "Page 4.swift"; sourceTree = "<group>"; };
/* End PBXFileReference section */

/* Begin PBXFrameworksBuildPhase section */
		95B91AB429D10F420049B588 /* Frameworks */ = {
			isa = PBXFrameworksBuildPhase;
			buildActionMask = 2147483647;
			files = (
			);
			runOnlyForDeploymentPostprocessing = 0;
		};
/* End PBXFrameworksBuildPhase section */

/* Begin PBXGroup section */
		95080FC329F7450000212D7A /* Video */ = {
			isa = PBXGroup;
			children = (
				95080FD529F7680C00212D7A /* Camera */,
				95080FD229F7675F00212D7A /* Extensions */,
				95080FCF29F766CD00212D7A /* ViewModels */,
				95080FC529F7464D00212D7A /* ContentView.swift */,
				95080FC729F7468E00212D7A /* ControlView.swift */,
				95080FC929F746D000212D7A /* Errorview.swift */,
				95080FCB29F746E400212D7A /* Frameview.swift */,
				95080FCD29F746FC00212D7A /* ToggleButton.swift */,
			);
			path = Video;
			sourceTree = "<group>";
		};
		95080FC429F7450E00212D7A /* Image */ = {
			isa = PBXGroup;
			children = (
				9569C26829DBCFB9006B3928 /* Post1.swift */,
				95A90A6C29DCB4A500A85FEC /* ImagePicker.swift */,
				95A90A6E29DCB4B300A85FEC /* ImageSaver.swift */,
			);
			path = Image;
			sourceTree = "<group>";
		};
		95080FCF29F766CD00212D7A /* ViewModels */ = {
			isa = PBXGroup;
			children = (
				95080FD029F7672F00212D7A /* ContentViewModel.swift */,
			);
			path = ViewModels;
			sourceTree = "<group>";
		};
		95080FD229F7675F00212D7A /* Extensions */ = {
			isa = PBXGroup;
			children = (
				95080FD329F767BB00212D7A /* CGImageExtension.swift */,
			);
			path = Extensions;
			sourceTree = "<group>";
		};
		95080FD529F7680C00212D7A /* Camera */ = {
			isa = PBXGroup;
			children = (
				95080FD629F7682400212D7A /* CameraError.swift */,
				95080FD829F7683800212D7A /* CameraManager.swift */,
				95080FDA29F7684800212D7A /* FrameManager.swift */,
			);
			path = Camera;
			sourceTree = "<group>";
		};
		95B91AAE29D10F420049B588 = {
			isa = PBXGroup;
			children = (
				95B91AB929D10F420049B588 /* BookBum */,
				95B91AB829D10F420049B588 /* Products */,
			);
			sourceTree = "<group>";
		};
		95B91AB829D10F420049B588 /* Products */ = {
			isa = PBXGroup;
			children = (
				95B91AB729D10F420049B588 /* BookBum.app */,
			);
			name = Products;
			sourceTree = "<group>";
		};
		95B91AB929D10F420049B588 /* BookBum */ = {
			isa = PBXGroup;
			children = (
				95B91ABA29D10F420049B588 /* BookBumApp.swift */,
				95B91AE029D13D340049B588 /* Homepage */,
				95B91AE129D13D750049B588 /* Notifications */,
				95B91AD829D13B680049B588 /* My Bookclub */,
				95B91ADD29D13CBD0049B588 /* Post */,
				95B91ADE29D13CDE0049B588 /* Library */,
				95B91ADF29D13CF00049B588 /* Settings */,
				95B91ABE29D10F430049B588 /* Assets.xcassets */,
				95B91AC029D10F430049B588 /* Preview Content */,
			);
			path = BookBum;
			sourceTree = "<group>";
		};
		95B91AC029D10F430049B588 /* Preview Content */ = {
			isa = PBXGroup;
			children = (
				95B91AC129D10F430049B588 /* Preview Assets.xcassets */,
			);
			path = "Preview Content";
			sourceTree = "<group>";
		};
		95B91AD829D13B680049B588 /* My Bookclub */ = {
			isa = PBXGroup;
			children = (
				95B91AE229D13EC70049B588 /* Page 1.swift */,
				95B91AE829D14A9A0049B588 /* Page 2.swift */,
				95B91AEA29D1516B0049B588 /* Page 3.swift */,
				95B91AEC29D151B90049B588 /* Page 4.swift */,
				9569C26E29DBD884006B3928 /* Bookclub.swift */,
			);
			path = "My Bookclub";
			sourceTree = "<group>";
		};
		95B91ADD29D13CBD0049B588 /* Post */ = {
			isa = PBXGroup;
			children = (
				95080FC329F7450000212D7A /* Video */,
				95080FC429F7450E00212D7A /* Image */,
			);
			path = Post;
			sourceTree = "<group>";
		};
		95B91ADE29D13CDE0049B588 /* Library */ = {
			isa = PBXGroup;
			children = (
				9569C27229DBE2A5006B3928 /* Library1.swift */,
			);
			path = Library;
			sourceTree = "<group>";
		};
		95B91ADF29D13CF00049B588 /* Settings */ = {
			isa = PBXGroup;
			children = (
				9569C26A29DBD133006B3928 /* Settings1.swift */,
			);
			path = Settings;
			sourceTree = "<group>";
		};
		95B91AE029D13D340049B588 /* Homepage */ = {
			isa = PBXGroup;
			children = (
				9569C26C29DBD687006B3928 /* Login.swift */,
				9569C27029DBDC83006B3928 /* Home2.swift */,
			);
			path = Homepage;
			sourceTree = "<group>";
		};
		95B91AE129D13D750049B588 /* Notifications */ = {
			isa = PBXGroup;
			children = (
			);
			path = Notifications;
			sourceTree = "<group>";
		};
/* End PBXGroup section */

/* Begin PBXNativeTarget section */
		95B91AB629D10F420049B588 /* BookBum */ = {
			isa = PBXNativeTarget;
			buildConfigurationList = 95B91AC529D10F430049B588 /* Build configuration list for PBXNativeTarget "BookBum" */;
			buildPhases = (
				95B91AB329D10F420049B588 /* Sources */,
				95B91AB429D10F420049B588 /* Frameworks */,
				95B91AB529D10F420049B588 /* Resources */,
			);
			buildRules = (
			);
			dependencies = (
			);
			name = BookBum;
			productName = BookBum;
			productReference = 95B91AB729D10F420049B588 /* BookBum.app */;
			productType = "com.apple.product-type.application";
		};
/* End PBXNativeTarget section */

/* Begin PBXProject section */
		95B91AAF29D10F420049B588 /* Project object */ = {
			isa = PBXProject;
			attributes = {
				BuildIndependentTargetsInParallel = 1;
				LastSwiftUpdateCheck = 1420;
				LastUpgradeCheck = 1420;
				TargetAttributes = {
					95B91AB629D10F420049B588 = {
						CreatedOnToolsVersion = 14.2;
					};
				};
			};
			buildConfigurationList = 95B91AB229D10F420049B588 /* Build configuration list for PBXProject "BookBum" */;
			compatibilityVersion = "Xcode 14.0";
			developmentRegion = en;
			hasScannedForEncodings = 0;
			knownRegions = (
				en,
				Base,
			);
			mainGroup = 95B91AAE29D10F420049B588;
			productRefGroup = 95B91AB829D10F420049B588 /* Products */;
			projectDirPath = "";
			projectRoot = "";
			targets = (
				95B91AB629D10F420049B588 /* BookBum */,
			);
		};
/* End PBXProject section */

/* Begin PBXResourcesBuildPhase section */
		95B91AB529D10F420049B588 /* Resources */ = {
			isa = PBXResourcesBuildPhase;
			buildActionMask = 2147483647;
			files = (
				95B91AC229D10F430049B588 /* Preview Assets.xcassets in Resources */,
				95B91ABF29D10F430049B588 /* Assets.xcassets in Resources */,
			);
			runOnlyForDeploymentPostprocessing = 0;
		};
/* End PBXResourcesBuildPhase section */

/* Begin PBXSourcesBuildPhase section */
		95B91AB329D10F420049B588 /* Sources */ = {
			isa = PBXSourcesBuildPhase;
			buildActionMask = 2147483647;
			files = (
				9569C26F29DBD884006B3928 /* Bookclub.swift in Sources */,
				95B91AE929D14A9A0049B588 /* Page 2.swift in Sources */,
				95080FC629F7464D00212D7A /* ContentView.swift in Sources */,
				9569C26D29DBD687006B3928 /* Login.swift in Sources */,
				95A90A6D29DCB4A500A85FEC /* ImagePicker.swift in Sources */,
				9569C26B29DBD133006B3928 /* Settings1.swift in Sources */,
				9569C27129DBDC83006B3928 /* Home2.swift in Sources */,
				95A90A6F29DCB4B300A85FEC /* ImageSaver.swift in Sources */,
				95B91AE329D13EC70049B588 /* Page 1.swift in Sources */,
				95B91AEB29D1516B0049B588 /* Page 3.swift in Sources */,
				95080FD929F7683800212D7A /* CameraManager.swift in Sources */,
				95080FDB29F7684800212D7A /* FrameManager.swift in Sources */,
				9569C27329DBE2A5006B3928 /* Library1.swift in Sources */,
				95080FD429F767BB00212D7A /* CGImageExtension.swift in Sources */,
				9569C26929DBCFB9006B3928 /* Post1.swift in Sources */,
				95080FD129F7672F00212D7A /* ContentViewModel.swift in Sources */,
				95B91ABB29D10F420049B588 /* BookBumApp.swift in Sources */,
				95080FCE29F746FC00212D7A /* ToggleButton.swift in Sources */,
				95B91AED29D151B90049B588 /* Page 4.swift in Sources */,
				95080FC829F7468E00212D7A /* ControlView.swift in Sources */,
				95080FCA29F746D000212D7A /* Errorview.swift in Sources */,
				95080FCC29F746E400212D7A /* Frameview.swift in Sources */,
				95080FD729F7682400212D7A /* CameraError.swift in Sources */,
			);
			runOnlyForDeploymentPostprocessing = 0;
		};
/* End PBXSourcesBuildPhase section */

/* Begin XCBuildConfiguration section */
		95B91AC329D10F430049B588 /* Debug */ = {
			isa = XCBuildConfiguration;
			buildSettings = {
				ALWAYS_SEARCH_USER_PATHS = NO;
				CLANG_ANALYZER_NONNULL = YES;
				CLANG_ANALYZER_NUMBER_OBJECT_CONVERSION = YES_AGGRESSIVE;
				CLANG_CXX_LANGUAGE_STANDARD = "gnu++20";
				CLANG_ENABLE_MODULES = YES;
				CLANG_ENABLE_OBJC_ARC = YES;
				CLANG_ENABLE_OBJC_WEAK = YES;
				CLANG_WARN_BLOCK_CAPTURE_AUTORELEASING = YES;
				CLANG_WARN_BOOL_CONVERSION = YES;
				CLANG_WARN_COMMA = YES;
				CLANG_WARN_CONSTANT_CONVERSION = YES;
				CLANG_WARN_DEPRECATED_OBJC_IMPLEMENTATIONS = YES;
				CLANG_WARN_DIRECT_OBJC_ISA_USAGE = YES_ERROR;
				CLANG_WARN_DOCUMENTATION_COMMENTS = YES;
				CLANG_WARN_EMPTY_BODY = YES;
				CLANG_WARN_ENUM_CONVERSION = YES;
				CLANG_WARN_INFINITE_RECURSION = YES;
				CLANG_WARN_INT_CONVERSION = YES;
				CLANG_WARN_NON_LITERAL_NULL_CONVERSION = YES;
				CLANG_WARN_OBJC_IMPLICIT_RETAIN_SELF = YES;
				CLANG_WARN_OBJC_LITERAL_CONVERSION = YES;
				CLANG_WARN_OBJC_ROOT_CLASS = YES_ERROR;
				CLANG_WARN_QUOTED_INCLUDE_IN_FRAMEWORK_HEADER = YES;
				CLANG_WARN_RANGE_LOOP_ANALYSIS = YES;
				CLANG_WARN_STRICT_PROTOTYPES = YES;
				CLANG_WARN_SUSPICIOUS_MOVE = YES;
				CLANG_WARN_UNGUARDED_AVAILABILITY = YES_AGGRESSIVE;
				CLANG_WARN_UNREACHABLE_CODE = YES;
				CLANG_WARN__DUPLICATE_METHOD_MATCH = YES;
				COPY_PHASE_STRIP = NO;
				DEBUG_INFORMATION_FORMAT = dwarf;
				ENABLE_STRICT_OBJC_MSGSEND = YES;
				ENABLE_TESTABILITY = YES;
				GCC_C_LANGUAGE_STANDARD = gnu11;
				GCC_DYNAMIC_NO_PIC = NO;
				GCC_NO_COMMON_BLOCKS = YES;
				GCC_OPTIMIZATION_LEVEL = 0;
				GCC_PREPROCESSOR_DEFINITIONS = (
					"DEBUG=1",
					"$(inherited)",
				);
				GCC_WARN_64_TO_32_BIT_CONVERSION = YES;
				GCC_WARN_ABOUT_RETURN_TYPE = YES_ERROR;
				GCC_WARN_UNDECLARED_SELECTOR = YES;
				GCC_WARN_UNINITIALIZED_AUTOS = YES_AGGRESSIVE;
				GCC_WARN_UNUSED_FUNCTION = YES;
				GCC_WARN_UNUSED_VARIABLE = YES;
				IPHONEOS_DEPLOYMENT_TARGET = 16.2;
				MTL_ENABLE_DEBUG_INFO = INCLUDE_SOURCE;
				MTL_FAST_MATH = YES;
				ONLY_ACTIVE_ARCH = YES;
				SDKROOT = iphoneos;
				SWIFT_ACTIVE_COMPILATION_CONDITIONS = DEBUG;
				SWIFT_OPTIMIZATION_LEVEL = "-Onone";
			};
			name = Debug;
		};
		95B91AC429D10F430049B588 /* Release */ = {
			isa = XCBuildConfiguration;
			buildSettings = {
				ALWAYS_SEARCH_USER_PATHS = NO;
				CLANG_ANALYZER_NONNULL = YES;
				CLANG_ANALYZER_NUMBER_OBJECT_CONVERSION = YES_AGGRESSIVE;
				CLANG_CXX_LANGUAGE_STANDARD = "gnu++20";
				CLANG_ENABLE_MODULES = YES;
				CLANG_ENABLE_OBJC_ARC = YES;
				CLANG_ENABLE_OBJC_WEAK = YES;
				CLANG_WARN_BLOCK_CAPTURE_AUTORELEASING = YES;
				CLANG_WARN_BOOL_CONVERSION = YES;
				CLANG_WARN_COMMA = YES;
				CLANG_WARN_CONSTANT_CONVERSION = YES;
				CLANG_WARN_DEPRECATED_OBJC_IMPLEMENTATIONS = YES;
				CLANG_WARN_DIRECT_OBJC_ISA_USAGE = YES_ERROR;
				CLANG_WARN_DOCUMENTATION_COMMENTS = YES;
				CLANG_WARN_EMPTY_BODY = YES;
				CLANG_WARN_ENUM_CONVERSION = YES;
				CLANG_WARN_INFINITE_RECURSION = YES;
				CLANG_WARN_INT_CONVERSION = YES;
				CLANG_WARN_NON_LITERAL_NULL_CONVERSION = YES;
				CLANG_WARN_OBJC_IMPLICIT_RETAIN_SELF = YES;
				CLANG_WARN_OBJC_LITERAL_CONVERSION = YES;
				CLANG_WARN_OBJC_ROOT_CLASS = YES_ERROR;
				CLANG_WARN_QUOTED_INCLUDE_IN_FRAMEWORK_HEADER = YES;
				CLANG_WARN_RANGE_LOOP_ANALYSIS = YES;
				CLANG_WARN_STRICT_PROTOTYPES = YES;
				CLANG_WARN_SUSPICIOUS_MOVE = YES;
				CLANG_WARN_UNGUARDED_AVAILABILITY = YES_AGGRESSIVE;
				CLANG_WARN_UNREACHABLE_CODE = YES;
				CLANG_WARN__DUPLICATE_METHOD_MATCH = YES;
				COPY_PHASE_STRIP = NO;
				DEBUG_INFORMATION_FORMAT = "dwarf-with-dsym";
				ENABLE_NS_ASSERTIONS = NO;
				ENABLE_STRICT_OBJC_MSGSEND = YES;
				GCC_C_LANGUAGE_STANDARD = gnu11;
				GCC_NO_COMMON_BLOCKS = YES;
				GCC_WARN_64_TO_32_BIT_CONVERSION = YES;
				GCC_WARN_ABOUT_RETURN_TYPE = YES_ERROR;
				GCC_WARN_UNDECLARED_SELECTOR = YES;
				GCC_WARN_UNINITIALIZED_AUTOS = YES_AGGRESSIVE;
				GCC_WARN_UNUSED_FUNCTION = YES;
				GCC_WARN_UNUSED_VARIABLE = YES;
				IPHONEOS_DEPLOYMENT_TARGET = 16.2;
				MTL_ENABLE_DEBUG_INFO = NO;
				MTL_FAST_MATH = YES;
				SDKROOT = iphoneos;
				SWIFT_COMPILATION_MODE = wholemodule;
				SWIFT_OPTIMIZATION_LEVEL = "-O";
				VALIDATE_PRODUCT = YES;
			};
			name = Release;
		};
		95B91AC629D10F430049B588 /* Debug */ = {
			isa = XCBuildConfiguration;
			buildSettings = {
				ASSETCATALOG_COMPILER_APPICON_NAME = AppIcon;
				ASSETCATALOG_COMPILER_GLOBAL_ACCENT_COLOR_NAME = AccentColor;
				CODE_SIGN_STYLE = Automatic;
				CURRENT_PROJECT_VERSION = 1;
				DEVELOPMENT_ASSET_PATHS = "\"BookBum/Preview Content\"";
				DEVELOPMENT_TEAM = 58ZSYUX7S6;
				ENABLE_PREVIEWS = YES;
				GENERATE_INFOPLIST_FILE = YES;
				INFOPLIST_KEY_UIApplicationSceneManifest_Generation = YES;
				INFOPLIST_KEY_UIApplicationSupportsIndirectInputEvents = YES;
				INFOPLIST_KEY_UILaunchScreen_Generation = YES;
				INFOPLIST_KEY_UISupportedInterfaceOrientations_iPad = "UIInterfaceOrientationPortrait UIInterfaceOrientationPortraitUpsideDown UIInterfaceOrientationLandscapeLeft UIInterfaceOrientationLandscapeRight";
				INFOPLIST_KEY_UISupportedInterfaceOrientations_iPhone = "UIInterfaceOrientationPortrait UIInterfaceOrientationLandscapeLeft UIInterfaceOrientationLandscapeRight";
				IPHONEOS_DEPLOYMENT_TARGET = 16.0;
				LD_RUNPATH_SEARCH_PATHS = (
					"$(inherited)",
					"@executable_path/Frameworks",
				);
				MARKETING_VERSION = 1.0;
				PRODUCT_BUNDLE_IDENTIFIER = Alexsorcist.BookBum;
				PRODUCT_NAME = "$(TARGET_NAME)";
				SWIFT_EMIT_LOC_STRINGS = YES;
				SWIFT_VERSION = 5.0;
				TARGETED_DEVICE_FAMILY = "1,2";
			};
			name = Debug;
		};
		95B91AC729D10F430049B588 /* Release */ = {
			isa = XCBuildConfiguration;
			buildSettings = {
				ASSETCATALOG_COMPILER_APPICON_NAME = AppIcon;
				ASSETCATALOG_COMPILER_GLOBAL_ACCENT_COLOR_NAME = AccentColor;
				CODE_SIGN_STYLE = Automatic;
				CURRENT_PROJECT_VERSION = 1;
				DEVELOPMENT_ASSET_PATHS = "\"BookBum/Preview Content\"";
				DEVELOPMENT_TEAM = 58ZSYUX7S6;
				ENABLE_PREVIEWS = YES;
				GENERATE_INFOPLIST_FILE = YES;
				INFOPLIST_KEY_UIApplicationSceneManifest_Generation = YES;
				INFOPLIST_KEY_UIApplicationSupportsIndirectInputEvents = YES;
				INFOPLIST_KEY_UILaunchScreen_Generation = YES;
				INFOPLIST_KEY_UISupportedInterfaceOrientations_iPad = "UIInterfaceOrientationPortrait UIInterfaceOrientationPortraitUpsideDown UIInterfaceOrientationLandscapeLeft UIInterfaceOrientationLandscapeRight";
				INFOPLIST_KEY_UISupportedInterfaceOrientations_iPhone = "UIInterfaceOrientationPortrait UIInterfaceOrientationLandscapeLeft UIInterfaceOrientationLandscapeRight";
				IPHONEOS_DEPLOYMENT_TARGET = 16.0;
				LD_RUNPATH_SEARCH_PATHS = (
					"$(inherited)",
					"@executable_path/Frameworks",
				);
				MARKETING_VERSION = 1.0;
				PRODUCT_BUNDLE_IDENTIFIER = Alexsorcist.BookBum;
				PRODUCT_NAME = "$(TARGET_NAME)";
				SWIFT_EMIT_LOC_STRINGS = YES;
				SWIFT_VERSION = 5.0;
				TARGETED_DEVICE_FAMILY = "1,2";
			};
			name = Release;
		};
/* End XCBuildConfiguration section */

/* Begin XCConfigurationList section */
		95B91AB229D10F420049B588 /* Build configuration list for PBXProject "BookBum" */ = {
			isa = XCConfigurationList;
			buildConfigurations = (
				95B91AC329D10F430049B588 /* Debug */,
				95B91AC429D10F430049B588 /* Release */,
			);
			defaultConfigurationIsVisible = 0;
			defaultConfigurationName = Release;
		};
		95B91AC529D10F430049B588 /* Build configuration list for PBXNativeTarget "BookBum" */ = {
			isa = XCConfigurationList;
			buildConfigurations = (
				95B91AC629D10F430049B588 /* Debug */,
				95B91AC729D10F430049B588 /* Release */,
			);
			defaultConfigurationIsVisible = 0;
			defaultConfigurationName = Release;
		};
/* End XCConfigurationList section */
	};
	rootObject = 95B91AAF29D10F420049B588 /* Project object */;
}
