// !$*UTF8*$!
{
	archiveVersion = 1;
	classes = {
	};
	objectVersion = 56;
	objects = {

/* Begin PBXBuildFile section */
		95EB35DB29DCCAAB0001DA98 /* BookBumApp.swift in Sources */ = {isa = PBXBuildFile; fileRef = 95EB35DA29DCCAAB0001DA98 /* BookBumApp.swift */; };
		95EB35DD29DCCAAB0001DA98 /* LP.swift in Sources */ = {isa = PBXBuildFile; fileRef = 95EB35DC29DCCAAB0001DA98 /* LP.swift */; };
		95EB35DF29DCCAAC0001DA98 /* Assets.xcassets in Resources */ = {isa = PBXBuildFile; fileRef = 95EB35DE29DCCAAC0001DA98 /* Assets.xcassets */; };
		95EB35E229DCCAAC0001DA98 /* Preview Assets.xcassets in Resources */ = {isa = PBXBuildFile; fileRef = 95EB35E129DCCAAC0001DA98 /* Preview Assets.xcassets */; };
		95EB35EC29DCCAAC0001DA98 /* BookBumTests.swift in Sources */ = {isa = PBXBuildFile; fileRef = 95EB35EB29DCCAAC0001DA98 /* BookBumTests.swift */; };
		95EB35F629DCCAAC0001DA98 /* BookBumUITests.swift in Sources */ = {isa = PBXBuildFile; fileRef = 95EB35F529DCCAAC0001DA98 /* BookBumUITests.swift */; };
		95EB35F829DCCAAC0001DA98 /* BookBumUITestsLaunchTests.swift in Sources */ = {isa = PBXBuildFile; fileRef = 95EB35F729DCCAAC0001DA98 /* BookBumUITestsLaunchTests.swift */; };
		95EB360929DCCE1D0001DA98 /* UserFetchClient.swift in Sources */ = {isa = PBXBuildFile; fileRef = 95EB360829DCCE1D0001DA98 /* UserFetchClient.swift */; };
		95EB360B29DCCE350001DA98 /* UserData.swift in Sources */ = {isa = PBXBuildFile; fileRef = 95EB360A29DCCE350001DA98 /* UserData.swift */; };
		95EB361129DCD5C40001DA98 /* UserView.swift in Sources */ = {isa = PBXBuildFile; fileRef = 95EB361029DCD5C40001DA98 /* UserView.swift */; };
		95EB361329DCF45E0001DA98 /* User.swift in Sources */ = {isa = PBXBuildFile; fileRef = 95EB361229DCF45E0001DA98 /* User.swift */; };
/* End PBXBuildFile section */

/* Begin PBXContainerItemProxy section */
		95EB35E829DCCAAC0001DA98 /* PBXContainerItemProxy */ = {
			isa = PBXContainerItemProxy;
			containerPortal = 95EB35CF29DCCAAB0001DA98 /* Project object */;
			proxyType = 1;
			remoteGlobalIDString = 95EB35D629DCCAAB0001DA98;
			remoteInfo = BookBum;
		};
		95EB35F229DCCAAC0001DA98 /* PBXContainerItemProxy */ = {
			isa = PBXContainerItemProxy;
			containerPortal = 95EB35CF29DCCAAB0001DA98 /* Project object */;
			proxyType = 1;
			remoteGlobalIDString = 95EB35D629DCCAAB0001DA98;
			remoteInfo = BookBum;
		};
/* End PBXContainerItemProxy section */

/* Begin PBXFileReference section */
		95EB35D729DCCAAB0001DA98 /* BookBum.app */ = {isa = PBXFileReference; explicitFileType = wrapper.application; includeInIndex = 0; path = BookBum.app; sourceTree = BUILT_PRODUCTS_DIR; };
		95EB35DA29DCCAAB0001DA98 /* BookBumApp.swift */ = {isa = PBXFileReference; lastKnownFileType = sourcecode.swift; path = BookBumApp.swift; sourceTree = "<group>"; };
		95EB35DC29DCCAAB0001DA98 /* LP.swift */ = {isa = PBXFileReference; lastKnownFileType = sourcecode.swift; path = LP.swift; sourceTree = "<group>"; };
		95EB35DE29DCCAAC0001DA98 /* Assets.xcassets */ = {isa = PBXFileReference; lastKnownFileType = folder.assetcatalog; path = Assets.xcassets; sourceTree = "<group>"; };
		95EB35E129DCCAAC0001DA98 /* Preview Assets.xcassets */ = {isa = PBXFileReference; lastKnownFileType = folder.assetcatalog; path = "Preview Assets.xcassets"; sourceTree = "<group>"; };
		95EB35E729DCCAAC0001DA98 /* BookBumTests.xctest */ = {isa = PBXFileReference; explicitFileType = wrapper.cfbundle; includeInIndex = 0; path = BookBumTests.xctest; sourceTree = BUILT_PRODUCTS_DIR; };
		95EB35EB29DCCAAC0001DA98 /* BookBumTests.swift */ = {isa = PBXFileReference; lastKnownFileType = sourcecode.swift; path = BookBumTests.swift; sourceTree = "<group>"; };
		95EB35F129DCCAAC0001DA98 /* BookBumUITests.xctest */ = {isa = PBXFileReference; explicitFileType = wrapper.cfbundle; includeInIndex = 0; path = BookBumUITests.xctest; sourceTree = BUILT_PRODUCTS_DIR; };
		95EB35F529DCCAAC0001DA98 /* BookBumUITests.swift */ = {isa = PBXFileReference; lastKnownFileType = sourcecode.swift; path = BookBumUITests.swift; sourceTree = "<group>"; };
		95EB35F729DCCAAC0001DA98 /* BookBumUITestsLaunchTests.swift */ = {isa = PBXFileReference; lastKnownFileType = sourcecode.swift; path = BookBumUITestsLaunchTests.swift; sourceTree = "<group>"; };
		95EB360829DCCE1D0001DA98 /* UserFetchClient.swift */ = {isa = PBXFileReference; lastKnownFileType = sourcecode.swift; path = UserFetchClient.swift; sourceTree = "<group>"; };
		95EB360A29DCCE350001DA98 /* UserData.swift */ = {isa = PBXFileReference; lastKnownFileType = sourcecode.swift; path = UserData.swift; sourceTree = "<group>"; };
		95EB361029DCD5C40001DA98 /* UserView.swift */ = {isa = PBXFileReference; lastKnownFileType = sourcecode.swift; path = UserView.swift; sourceTree = "<group>"; };
		95EB361229DCF45E0001DA98 /* User.swift */ = {isa = PBXFileReference; lastKnownFileType = sourcecode.swift; path = User.swift; sourceTree = "<group>"; };
/* End PBXFileReference section */

/* Begin PBXFrameworksBuildPhase section */
		95EB35D429DCCAAB0001DA98 /* Frameworks */ = {
			isa = PBXFrameworksBuildPhase;
			buildActionMask = 2147483647;
			files = (
			);
			runOnlyForDeploymentPostprocessing = 0;
		};
		95EB35E429DCCAAC0001DA98 /* Frameworks */ = {
			isa = PBXFrameworksBuildPhase;
			buildActionMask = 2147483647;
			files = (
			);
			runOnlyForDeploymentPostprocessing = 0;
		};
		95EB35EE29DCCAAC0001DA98 /* Frameworks */ = {
			isa = PBXFrameworksBuildPhase;
			buildActionMask = 2147483647;
			files = (
			);
			runOnlyForDeploymentPostprocessing = 0;
		};
/* End PBXFrameworksBuildPhase section */

/* Begin PBXGroup section */
		95EB35CE29DCCAAB0001DA98 = {
			isa = PBXGroup;
			children = (
				95EB35D929DCCAAB0001DA98 /* BookBum */,
				95EB35EA29DCCAAC0001DA98 /* BookBumTests */,
				95EB35F429DCCAAC0001DA98 /* BookBumUITests */,
				95EB35D829DCCAAB0001DA98 /* Products */,
			);
			sourceTree = "<group>";
		};
		95EB35D829DCCAAB0001DA98 /* Products */ = {
			isa = PBXGroup;
			children = (
				95EB35D729DCCAAB0001DA98 /* BookBum.app */,
				95EB35E729DCCAAC0001DA98 /* BookBumTests.xctest */,
				95EB35F129DCCAAC0001DA98 /* BookBumUITests.xctest */,
			);
			name = Products;
			sourceTree = "<group>";
		};
		95EB35D929DCCAAB0001DA98 /* BookBum */ = {
			isa = PBXGroup;
			children = (
				95EB35DA29DCCAAB0001DA98 /* BookBumApp.swift */,
				95EB35DC29DCCAAB0001DA98 /* LP.swift */,
				95EB360729DCCE080001DA98 /* Users */,
				95EB35DE29DCCAAC0001DA98 /* Assets.xcassets */,
				95EB35E029DCCAAC0001DA98 /* Preview Content */,
			);
			path = BookBum;
			sourceTree = "<group>";
		};
		95EB35E029DCCAAC0001DA98 /* Preview Content */ = {
			isa = PBXGroup;
			children = (
				95EB35E129DCCAAC0001DA98 /* Preview Assets.xcassets */,
			);
			path = "Preview Content";
			sourceTree = "<group>";
		};
		95EB35EA29DCCAAC0001DA98 /* BookBumTests */ = {
			isa = PBXGroup;
			children = (
				95EB35EB29DCCAAC0001DA98 /* BookBumTests.swift */,
			);
			path = BookBumTests;
			sourceTree = "<group>";
		};
		95EB35F429DCCAAC0001DA98 /* BookBumUITests */ = {
			isa = PBXGroup;
			children = (
				95EB35F529DCCAAC0001DA98 /* BookBumUITests.swift */,
				95EB35F729DCCAAC0001DA98 /* BookBumUITestsLaunchTests.swift */,
			);
			path = BookBumUITests;
			sourceTree = "<group>";
		};
		95EB360729DCCE080001DA98 /* Users */ = {
			isa = PBXGroup;
			children = (
				95EB360829DCCE1D0001DA98 /* UserFetchClient.swift */,
				95EB360A29DCCE350001DA98 /* UserData.swift */,
				95EB361029DCD5C40001DA98 /* UserView.swift */,
				95EB361229DCF45E0001DA98 /* User.swift */,
			);
			path = Users;
			sourceTree = "<group>";
		};
/* End PBXGroup section */

/* Begin PBXNativeTarget section */
		95EB35D629DCCAAB0001DA98 /* BookBum */ = {
			isa = PBXNativeTarget;
			buildConfigurationList = 95EB35FB29DCCAAC0001DA98 /* Build configuration list for PBXNativeTarget "BookBum" */;
			buildPhases = (
				95EB35D329DCCAAB0001DA98 /* Sources */,
				95EB35D429DCCAAB0001DA98 /* Frameworks */,
				95EB35D529DCCAAB0001DA98 /* Resources */,
			);
			buildRules = (
			);
			dependencies = (
			);
			name = BookBum;
			productName = BookBum;
			productReference = 95EB35D729DCCAAB0001DA98 /* BookBum.app */;
			productType = "com.apple.product-type.application";
		};
		95EB35E629DCCAAC0001DA98 /* BookBumTests */ = {
			isa = PBXNativeTarget;
			buildConfigurationList = 95EB35FE29DCCAAC0001DA98 /* Build configuration list for PBXNativeTarget "BookBumTests" */;
			buildPhases = (
				95EB35E329DCCAAC0001DA98 /* Sources */,
				95EB35E429DCCAAC0001DA98 /* Frameworks */,
				95EB35E529DCCAAC0001DA98 /* Resources */,
			);
			buildRules = (
			);
			dependencies = (
				95EB35E929DCCAAC0001DA98 /* PBXTargetDependency */,
			);
			name = BookBumTests;
			productName = BookBumTests;
			productReference = 95EB35E729DCCAAC0001DA98 /* BookBumTests.xctest */;
			productType = "com.apple.product-type.bundle.unit-test";
		};
		95EB35F029DCCAAC0001DA98 /* BookBumUITests */ = {
			isa = PBXNativeTarget;
			buildConfigurationList = 95EB360129DCCAAC0001DA98 /* Build configuration list for PBXNativeTarget "BookBumUITests" */;
			buildPhases = (
				95EB35ED29DCCAAC0001DA98 /* Sources */,
				95EB35EE29DCCAAC0001DA98 /* Frameworks */,
				95EB35EF29DCCAAC0001DA98 /* Resources */,
			);
			buildRules = (
			);
			dependencies = (
				95EB35F329DCCAAC0001DA98 /* PBXTargetDependency */,
			);
			name = BookBumUITests;
			productName = BookBumUITests;
			productReference = 95EB35F129DCCAAC0001DA98 /* BookBumUITests.xctest */;
			productType = "com.apple.product-type.bundle.ui-testing";
		};
/* End PBXNativeTarget section */

/* Begin PBXProject section */
		95EB35CF29DCCAAB0001DA98 /* Project object */ = {
			isa = PBXProject;
			attributes = {
				BuildIndependentTargetsInParallel = 1;
				LastSwiftUpdateCheck = 1420;
				LastUpgradeCheck = 1420;
				TargetAttributes = {
					95EB35D629DCCAAB0001DA98 = {
						CreatedOnToolsVersion = 14.2;
					};
					95EB35E629DCCAAC0001DA98 = {
						CreatedOnToolsVersion = 14.2;
						TestTargetID = 95EB35D629DCCAAB0001DA98;
					};
					95EB35F029DCCAAC0001DA98 = {
						CreatedOnToolsVersion = 14.2;
						TestTargetID = 95EB35D629DCCAAB0001DA98;
					};
				};
			};
			buildConfigurationList = 95EB35D229DCCAAB0001DA98 /* Build configuration list for PBXProject "BookBum" */;
			compatibilityVersion = "Xcode 14.0";
			developmentRegion = en;
			hasScannedForEncodings = 0;
			knownRegions = (
				en,
				Base,
			);
			mainGroup = 95EB35CE29DCCAAB0001DA98;
			productRefGroup = 95EB35D829DCCAAB0001DA98 /* Products */;
			projectDirPath = "";
			projectRoot = "";
			targets = (
				95EB35D629DCCAAB0001DA98 /* BookBum */,
				95EB35E629DCCAAC0001DA98 /* BookBumTests */,
				95EB35F029DCCAAC0001DA98 /* BookBumUITests */,
			);
		};
/* End PBXProject section */

/* Begin PBXResourcesBuildPhase section */
		95EB35D529DCCAAB0001DA98 /* Resources */ = {
			isa = PBXResourcesBuildPhase;
			buildActionMask = 2147483647;
			files = (
				95EB35E229DCCAAC0001DA98 /* Preview Assets.xcassets in Resources */,
				95EB35DF29DCCAAC0001DA98 /* Assets.xcassets in Resources */,
			);
			runOnlyForDeploymentPostprocessing = 0;
		};
		95EB35E529DCCAAC0001DA98 /* Resources */ = {
			isa = PBXResourcesBuildPhase;
			buildActionMask = 2147483647;
			files = (
			);
			runOnlyForDeploymentPostprocessing = 0;
		};
		95EB35EF29DCCAAC0001DA98 /* Resources */ = {
			isa = PBXResourcesBuildPhase;
			buildActionMask = 2147483647;
			files = (
			);
			runOnlyForDeploymentPostprocessing = 0;
		};
/* End PBXResourcesBuildPhase section */

/* Begin PBXSourcesBuildPhase section */
		95EB35D329DCCAAB0001DA98 /* Sources */ = {
			isa = PBXSourcesBuildPhase;
			buildActionMask = 2147483647;
			files = (
				95EB35DD29DCCAAB0001DA98 /* LP.swift in Sources */,
				95EB360929DCCE1D0001DA98 /* UserFetchClient.swift in Sources */,
				95EB361329DCF45E0001DA98 /* User.swift in Sources */,
				95EB361129DCD5C40001DA98 /* UserView.swift in Sources */,
				95EB360B29DCCE350001DA98 /* UserData.swift in Sources */,
				95EB35DB29DCCAAB0001DA98 /* BookBumApp.swift in Sources */,
			);
			runOnlyForDeploymentPostprocessing = 0;
		};
		95EB35E329DCCAAC0001DA98 /* Sources */ = {
			isa = PBXSourcesBuildPhase;
			buildActionMask = 2147483647;
			files = (
				95EB35EC29DCCAAC0001DA98 /* BookBumTests.swift in Sources */,
			);
			runOnlyForDeploymentPostprocessing = 0;
		};
		95EB35ED29DCCAAC0001DA98 /* Sources */ = {
			isa = PBXSourcesBuildPhase;
			buildActionMask = 2147483647;
			files = (
				95EB35F829DCCAAC0001DA98 /* BookBumUITestsLaunchTests.swift in Sources */,
				95EB35F629DCCAAC0001DA98 /* BookBumUITests.swift in Sources */,
			);
			runOnlyForDeploymentPostprocessing = 0;
		};
/* End PBXSourcesBuildPhase section */

/* Begin PBXTargetDependency section */
		95EB35E929DCCAAC0001DA98 /* PBXTargetDependency */ = {
			isa = PBXTargetDependency;
			target = 95EB35D629DCCAAB0001DA98 /* BookBum */;
			targetProxy = 95EB35E829DCCAAC0001DA98 /* PBXContainerItemProxy */;
		};
		95EB35F329DCCAAC0001DA98 /* PBXTargetDependency */ = {
			isa = PBXTargetDependency;
			target = 95EB35D629DCCAAB0001DA98 /* BookBum */;
			targetProxy = 95EB35F229DCCAAC0001DA98 /* PBXContainerItemProxy */;
		};
/* End PBXTargetDependency section */

/* Begin XCBuildConfiguration section */
		95EB35F929DCCAAC0001DA98 /* Debug */ = {
			isa = XCBuildConfiguration;
			buildSettings = {
				ALWAYS_SEARCH_USER_PATHS = NO;
				CLANG_ANALYZER_NONNULL = YES;
				CLANG_ANALYZER_NUMBER_OBJECT_CONVERSION = YES_AGGRESSIVE;
				CLANG_CXX_LANGUAGE_STANDARD = "gnu++20";
				CLANG_ENABLE_MODULES = YES;
				CLANG_ENABLE_OBJC_ARC = YES;
				CLANG_ENABLE_OBJC_WEAK = YES;
				CLANG_WARN_BLOCK_CAPTURE_AUTORELEASING = YES;
				CLANG_WARN_BOOL_CONVERSION = YES;
				CLANG_WARN_COMMA = YES;
				CLANG_WARN_CONSTANT_CONVERSION = YES;
				CLANG_WARN_DEPRECATED_OBJC_IMPLEMENTATIONS = YES;
				CLANG_WARN_DIRECT_OBJC_ISA_USAGE = YES_ERROR;
				CLANG_WARN_DOCUMENTATION_COMMENTS = YES;
				CLANG_WARN_EMPTY_BODY = YES;
				CLANG_WARN_ENUM_CONVERSION = YES;
				CLANG_WARN_INFINITE_RECURSION = YES;
				CLANG_WARN_INT_CONVERSION = YES;
				CLANG_WARN_NON_LITERAL_NULL_CONVERSION = YES;
				CLANG_WARN_OBJC_IMPLICIT_RETAIN_SELF = YES;
				CLANG_WARN_OBJC_LITERAL_CONVERSION = YES;
				CLANG_WARN_OBJC_ROOT_CLASS = YES_ERROR;
				CLANG_WARN_QUOTED_INCLUDE_IN_FRAMEWORK_HEADER = YES;
				CLANG_WARN_RANGE_LOOP_ANALYSIS = YES;
				CLANG_WARN_STRICT_PROTOTYPES = YES;
				CLANG_WARN_SUSPICIOUS_MOVE = YES;
				CLANG_WARN_UNGUARDED_AVAILABILITY = YES_AGGRESSIVE;
				CLANG_WARN_UNREACHABLE_CODE = YES;
				CLANG_WARN__DUPLICATE_METHOD_MATCH = YES;
				COPY_PHASE_STRIP = NO;
				DEBUG_INFORMATION_FORMAT = dwarf;
				ENABLE_STRICT_OBJC_MSGSEND = YES;
				ENABLE_TESTABILITY = YES;
				GCC_C_LANGUAGE_STANDARD = gnu11;
				GCC_DYNAMIC_NO_PIC = NO;
				GCC_NO_COMMON_BLOCKS = YES;
				GCC_OPTIMIZATION_LEVEL = 0;
				GCC_PREPROCESSOR_DEFINITIONS = (
					"DEBUG=1",
					"$(inherited)",
				);
				GCC_WARN_64_TO_32_BIT_CONVERSION = YES;
				GCC_WARN_ABOUT_RETURN_TYPE = YES_ERROR;
				GCC_WARN_UNDECLARED_SELECTOR = YES;
				GCC_WARN_UNINITIALIZED_AUTOS = YES_AGGRESSIVE;
				GCC_WARN_UNUSED_FUNCTION = YES;
				GCC_WARN_UNUSED_VARIABLE = YES;
				IPHONEOS_DEPLOYMENT_TARGET = 16.2;
				MTL_ENABLE_DEBUG_INFO = INCLUDE_SOURCE;
				MTL_FAST_MATH = YES;
				ONLY_ACTIVE_ARCH = YES;
				SDKROOT = iphoneos;
				SWIFT_ACTIVE_COMPILATION_CONDITIONS = DEBUG;
				SWIFT_OPTIMIZATION_LEVEL = "-Onone";
			};
			name = Debug;
		};
		95EB35FA29DCCAAC0001DA98 /* Release */ = {
			isa = XCBuildConfiguration;
			buildSettings = {
				ALWAYS_SEARCH_USER_PATHS = NO;
				CLANG_ANALYZER_NONNULL = YES;
				CLANG_ANALYZER_NUMBER_OBJECT_CONVERSION = YES_AGGRESSIVE;
				CLANG_CXX_LANGUAGE_STANDARD = "gnu++20";
				CLANG_ENABLE_MODULES = YES;
				CLANG_ENABLE_OBJC_ARC = YES;
				CLANG_ENABLE_OBJC_WEAK = YES;
				CLANG_WARN_BLOCK_CAPTURE_AUTORELEASING = YES;
				CLANG_WARN_BOOL_CONVERSION = YES;
				CLANG_WARN_COMMA = YES;
				CLANG_WARN_CONSTANT_CONVERSION = YES;
				CLANG_WARN_DEPRECATED_OBJC_IMPLEMENTATIONS = YES;
				CLANG_WARN_DIRECT_OBJC_ISA_USAGE = YES_ERROR;
				CLANG_WARN_DOCUMENTATION_COMMENTS = YES;
				CLANG_WARN_EMPTY_BODY = YES;
				CLANG_WARN_ENUM_CONVERSION = YES;
				CLANG_WARN_INFINITE_RECURSION = YES;
				CLANG_WARN_INT_CONVERSION = YES;
				CLANG_WARN_NON_LITERAL_NULL_CONVERSION = YES;
				CLANG_WARN_OBJC_IMPLICIT_RETAIN_SELF = YES;
				CLANG_WARN_OBJC_LITERAL_CONVERSION = YES;
				CLANG_WARN_OBJC_ROOT_CLASS = YES_ERROR;
				CLANG_WARN_QUOTED_INCLUDE_IN_FRAMEWORK_HEADER = YES;
				CLANG_WARN_RANGE_LOOP_ANALYSIS = YES;
				CLANG_WARN_STRICT_PROTOTYPES = YES;
				CLANG_WARN_SUSPICIOUS_MOVE = YES;
				CLANG_WARN_UNGUARDED_AVAILABILITY = YES_AGGRESSIVE;
				CLANG_WARN_UNREACHABLE_CODE = YES;
				CLANG_WARN__DUPLICATE_METHOD_MATCH = YES;
				COPY_PHASE_STRIP = NO;
				DEBUG_INFORMATION_FORMAT = "dwarf-with-dsym";
				ENABLE_NS_ASSERTIONS = NO;
				ENABLE_STRICT_OBJC_MSGSEND = YES;
				GCC_C_LANGUAGE_STANDARD = gnu11;
				GCC_NO_COMMON_BLOCKS = YES;
				GCC_WARN_64_TO_32_BIT_CONVERSION = YES;
				GCC_WARN_ABOUT_RETURN_TYPE = YES_ERROR;
				GCC_WARN_UNDECLARED_SELECTOR = YES;
				GCC_WARN_UNINITIALIZED_AUTOS = YES_AGGRESSIVE;
				GCC_WARN_UNUSED_FUNCTION = YES;
				GCC_WARN_UNUSED_VARIABLE = YES;
				IPHONEOS_DEPLOYMENT_TARGET = 16.2;
				MTL_ENABLE_DEBUG_INFO = NO;
				MTL_FAST_MATH = YES;
				SDKROOT = iphoneos;
				SWIFT_COMPILATION_MODE = wholemodule;
				SWIFT_OPTIMIZATION_LEVEL = "-O";
				VALIDATE_PRODUCT = YES;
			};
			name = Release;
		};
		95EB35FC29DCCAAC0001DA98 /* Debug */ = {
			isa = XCBuildConfiguration;
			buildSettings = {
				ASSETCATALOG_COMPILER_APPICON_NAME = AppIcon;
				ASSETCATALOG_COMPILER_GLOBAL_ACCENT_COLOR_NAME = AccentColor;
				CODE_SIGN_STYLE = Automatic;
				CURRENT_PROJECT_VERSION = 1;
				DEVELOPMENT_ASSET_PATHS = "\"BookBum/Preview Content\"";
				DEVELOPMENT_TEAM = 58ZSYUX7S6;
				ENABLE_PREVIEWS = YES;
				GENERATE_INFOPLIST_FILE = YES;
				INFOPLIST_KEY_UIApplicationSceneManifest_Generation = YES;
				INFOPLIST_KEY_UIApplicationSupportsIndirectInputEvents = YES;
				INFOPLIST_KEY_UILaunchScreen_Generation = YES;
				INFOPLIST_KEY_UISupportedInterfaceOrientations_iPad = "UIInterfaceOrientationPortrait UIInterfaceOrientationPortraitUpsideDown UIInterfaceOrientationLandscapeLeft UIInterfaceOrientationLandscapeRight";
				INFOPLIST_KEY_UISupportedInterfaceOrientations_iPhone = "UIInterfaceOrientationPortrait UIInterfaceOrientationLandscapeLeft UIInterfaceOrientationLandscapeRight";
				LD_RUNPATH_SEARCH_PATHS = (
					"$(inherited)",
					"@executable_path/Frameworks",
				);
				MARKETING_VERSION = 1.0;
				PRODUCT_BUNDLE_IDENTIFIER = com.Alexsorcist.BookBum;
				PRODUCT_NAME = "$(TARGET_NAME)";
				SWIFT_EMIT_LOC_STRINGS = YES;
				SWIFT_VERSION = 5.0;
				TARGETED_DEVICE_FAMILY = "1,2";
			};
			name = Debug;
		};
		95EB35FD29DCCAAC0001DA98 /* Release */ = {
			isa = XCBuildConfiguration;
			buildSettings = {
				ASSETCATALOG_COMPILER_APPICON_NAME = AppIcon;
				ASSETCATALOG_COMPILER_GLOBAL_ACCENT_COLOR_NAME = AccentColor;
				CODE_SIGN_STYLE = Automatic;
				CURRENT_PROJECT_VERSION = 1;
				DEVELOPMENT_ASSET_PATHS = "\"BookBum/Preview Content\"";
				DEVELOPMENT_TEAM = 58ZSYUX7S6;
				ENABLE_PREVIEWS = YES;
				GENERATE_INFOPLIST_FILE = YES;
				INFOPLIST_KEY_UIApplicationSceneManifest_Generation = YES;
				INFOPLIST_KEY_UIApplicationSupportsIndirectInputEvents = YES;
				INFOPLIST_KEY_UILaunchScreen_Generation = YES;
				INFOPLIST_KEY_UISupportedInterfaceOrientations_iPad = "UIInterfaceOrientationPortrait UIInterfaceOrientationPortraitUpsideDown UIInterfaceOrientationLandscapeLeft UIInterfaceOrientationLandscapeRight";
				INFOPLIST_KEY_UISupportedInterfaceOrientations_iPhone = "UIInterfaceOrientationPortrait UIInterfaceOrientationLandscapeLeft UIInterfaceOrientationLandscapeRight";
				LD_RUNPATH_SEARCH_PATHS = (
					"$(inherited)",
					"@executable_path/Frameworks",
				);
				MARKETING_VERSION = 1.0;
				PRODUCT_BUNDLE_IDENTIFIER = com.Alexsorcist.BookBum;
				PRODUCT_NAME = "$(TARGET_NAME)";
				SWIFT_EMIT_LOC_STRINGS = YES;
				SWIFT_VERSION = 5.0;
				TARGETED_DEVICE_FAMILY = "1,2";
			};
			name = Release;
		};
		95EB35FF29DCCAAC0001DA98 /* Debug */ = {
			isa = XCBuildConfiguration;
			buildSettings = {
				ALWAYS_EMBED_SWIFT_STANDARD_LIBRARIES = YES;
				BUNDLE_LOADER = "$(TEST_HOST)";
				CODE_SIGN_STYLE = Automatic;
				CURRENT_PROJECT_VERSION = 1;
				DEVELOPMENT_TEAM = 58ZSYUX7S6;
				GENERATE_INFOPLIST_FILE = YES;
				IPHONEOS_DEPLOYMENT_TARGET = 16.2;
				MARKETING_VERSION = 1.0;
				PRODUCT_BUNDLE_IDENTIFIER = com.Alexsorcist.BookBumTests;
				PRODUCT_NAME = "$(TARGET_NAME)";
				SWIFT_EMIT_LOC_STRINGS = NO;
				SWIFT_VERSION = 5.0;
				TARGETED_DEVICE_FAMILY = "1,2";
				TEST_HOST = "$(BUILT_PRODUCTS_DIR)/BookBum.app/$(BUNDLE_EXECUTABLE_FOLDER_PATH)/BookBum";
			};
			name = Debug;
		};
		95EB360029DCCAAC0001DA98 /* Release */ = {
			isa = XCBuildConfiguration;
			buildSettings = {
				ALWAYS_EMBED_SWIFT_STANDARD_LIBRARIES = YES;
				BUNDLE_LOADER = "$(TEST_HOST)";
				CODE_SIGN_STYLE = Automatic;
				CURRENT_PROJECT_VERSION = 1;
				DEVELOPMENT_TEAM = 58ZSYUX7S6;
				GENERATE_INFOPLIST_FILE = YES;
				IPHONEOS_DEPLOYMENT_TARGET = 16.2;
				MARKETING_VERSION = 1.0;
				PRODUCT_BUNDLE_IDENTIFIER = com.Alexsorcist.BookBumTests;
				PRODUCT_NAME = "$(TARGET_NAME)";
				SWIFT_EMIT_LOC_STRINGS = NO;
				SWIFT_VERSION = 5.0;
				TARGETED_DEVICE_FAMILY = "1,2";
				TEST_HOST = "$(BUILT_PRODUCTS_DIR)/BookBum.app/$(BUNDLE_EXECUTABLE_FOLDER_PATH)/BookBum";
			};
			name = Release;
		};
		95EB360229DCCAAC0001DA98 /* Debug */ = {
			isa = XCBuildConfiguration;
			buildSettings = {
				ALWAYS_EMBED_SWIFT_STANDARD_LIBRARIES = YES;
				CODE_SIGN_STYLE = Automatic;
				CURRENT_PROJECT_VERSION = 1;
				DEVELOPMENT_TEAM = 58ZSYUX7S6;
				GENERATE_INFOPLIST_FILE = YES;
				MARKETING_VERSION = 1.0;
				PRODUCT_BUNDLE_IDENTIFIER = com.Alexsorcist.BookBumUITests;
				PRODUCT_NAME = "$(TARGET_NAME)";
				SWIFT_EMIT_LOC_STRINGS = NO;
				SWIFT_VERSION = 5.0;
				TARGETED_DEVICE_FAMILY = "1,2";
				TEST_TARGET_NAME = BookBum;
			};
			name = Debug;
		};
		95EB360329DCCAAC0001DA98 /* Release */ = {
			isa = XCBuildConfiguration;
			buildSettings = {
				ALWAYS_EMBED_SWIFT_STANDARD_LIBRARIES = YES;
				CODE_SIGN_STYLE = Automatic;
				CURRENT_PROJECT_VERSION = 1;
				DEVELOPMENT_TEAM = 58ZSYUX7S6;
				GENERATE_INFOPLIST_FILE = YES;
				MARKETING_VERSION = 1.0;
				PRODUCT_BUNDLE_IDENTIFIER = com.Alexsorcist.BookBumUITests;
				PRODUCT_NAME = "$(TARGET_NAME)";
				SWIFT_EMIT_LOC_STRINGS = NO;
				SWIFT_VERSION = 5.0;
				TARGETED_DEVICE_FAMILY = "1,2";
				TEST_TARGET_NAME = BookBum;
			};
			name = Release;
		};
/* End XCBuildConfiguration section */

/* Begin XCConfigurationList section */
		95EB35D229DCCAAB0001DA98 /* Build configuration list for PBXProject "BookBum" */ = {
			isa = XCConfigurationList;
			buildConfigurations = (
				95EB35F929DCCAAC0001DA98 /* Debug */,
				95EB35FA29DCCAAC0001DA98 /* Release */,
			);
			defaultConfigurationIsVisible = 0;
			defaultConfigurationName = Release;
		};
		95EB35FB29DCCAAC0001DA98 /* Build configuration list for PBXNativeTarget "BookBum" */ = {
			isa = XCConfigurationList;
			buildConfigurations = (
				95EB35FC29DCCAAC0001DA98 /* Debug */,
				95EB35FD29DCCAAC0001DA98 /* Release */,
			);
			defaultConfigurationIsVisible = 0;
			defaultConfigurationName = Release;
		};
		95EB35FE29DCCAAC0001DA98 /* Build configuration list for PBXNativeTarget "BookBumTests" */ = {
			isa = XCConfigurationList;
			buildConfigurations = (
				95EB35FF29DCCAAC0001DA98 /* Debug */,
				95EB360029DCCAAC0001DA98 /* Release */,
			);
			defaultConfigurationIsVisible = 0;
			defaultConfigurationName = Release;
		};
		95EB360129DCCAAC0001DA98 /* Build configuration list for PBXNativeTarget "BookBumUITests" */ = {
			isa = XCConfigurationList;
			buildConfigurations = (
				95EB360229DCCAAC0001DA98 /* Debug */,
				95EB360329DCCAAC0001DA98 /* Release */,
			);
			defaultConfigurationIsVisible = 0;
			defaultConfigurationName = Release;
		};
/* End XCConfigurationList section */
	};
	rootObject = 95EB35CF29DCCAAB0001DA98 /* Project object */;
}
